{
  "name": "b41-bomb",
  "lockfileVersion": 3,
  "requires": true,
  "packages": {
    "": {
      "dependencies": {
        "factoriomod-debug": "^2.0.5"
      }
    },
    "node_modules/factoriomod-debug": {
      "version": "2.0.5",
      "resolved": "https://registry.npmjs.org/factoriomod-debug/-/factoriomod-debug-2.0.5.tgz",
      "integrity": "sha512-QNozgveRRK9S/JfhTOpE4b7yOLU7SDX8BUTQjNWn8fAPLKSdxd8qXdSp6dOgPooUXReU9y16u1OqmfazvS1nKw==",
      "license": "MIT",
      "bin": {
        "factoriomod-debug": "dist/fmtk-cli.js",
        "fmtk": "dist/fmtk-cli.js"
      },
      "engines": {
        "node": ">20",
        "vscode": "^1.96.0"
      }
    }
  }
}
